
Microsoft Visual Studio Solution File, Format Version 12.00
# Visual Studio 15
VisualStudioVersion = 15.0.27428.2037
MinimumVisualStudioVersion = 10.0.40219.1
Project("{FAE04EC0-301F-11D3-BF4B-00C04F79EFBC}") = "ExpounderCalculator", "ExpounderCalculator\ExpounderCalculator.csproj", "{AAEF8720-F7F8-4680-BADC-F57661335EAA}"
EndProject
Global
	GlobalSection(SolutionConfigurationPlatforms) = preSolution
		Debug|Any CPU = Debug|Any CPU
		Release|Any CPU = Release|Any CPU
	EndGlobalSection
	GlobalSection(ProjectConfigurationPlatforms) = postSolution
		{AAEF8720-F7F8-4680-BADC-F57661335EAA}.Debug|Any CPU.ActiveCfg = Debug|Any CPU
		{AAEF8720-F7F8-4680-BADC-F57661335EAA}.Debug|Any CPU.Build.0 = Debug|Any CPU
		{AAEF8720-F7F8-4680-BADC-F57661335EAA}.Release|Any CPU.ActiveCfg = Release|Any CPU
		{AAEF8720-F7F8-4680-BADC-F57661335EAA}.Release|Any CPU.Build.0 = Release|Any CPU
	EndGlobalSection
	GlobalSection(SolutionProperties) = preSolution
		HideSolutionNode = FALSE
	EndGlobalSection
	GlobalSection(ExtensibilityGlobals) = postSolution
		SolutionGuid = {AACB8BB9-49FD-4605-9609-0EFA64B3B27F}
	EndGlobalSection
EndGlobal
